
Microsoft Visual Studio Solution File, Format Version 12.00
# Visual Studio 14
VisualStudioVersion = 14.0.25123.0
MinimumVisualStudioVersion = 10.0.40219.1
Project("{FAE04EC0-301F-11D3-BF4B-00C04F79EFBC}") = "EmailMarketing.Data", "Data\EmailMarketing.Data.csproj", "{B84CD9B3-281C-451E-BB27-D3DBE64D8402}"
EndProject
Project("{FAE04EC0-301F-11D3-BF4B-00C04F79EFBC}") = "EmailMarketing.Models", "Models\EmailMarketing.Models.csproj", "{BDFF6AA0-A4F3-4D72-A5FA-8D28F9A66FD4}"
EndProject
Project("{FAE04EC0-301F-11D3-BF4B-00C04F79EFBC}") = "EmailMarketing.UI", "UI\EmailMarketing.UI.csproj", "{6F8BC066-40AE-445B-B3A3-22A4019A555E}"
EndProject
Project("{2150E333-8FDC-42A3-9474-1A3956D46DE8}") = "Inputs", "Inputs", "{F316B354-0F8C-4074-B745-A73EBEF50EA0}"
	ProjectSection(SolutionItems) = preProject
		..\Data\Inputs\people.in = ..\Data\Inputs\people.in
	EndProjectSection
EndProject
Project("{FAE04EC0-301F-11D3-BF4B-00C04F79EFBC}") = "EmailMarketing.Controllers", "EmailMarketing.Controllers\EmailMarketing.Controllers.csproj", "{0D3EA400-E10D-4383-A4E8-57F66B03A1C1}"
EndProject
Global
	GlobalSection(SolutionConfigurationPlatforms) = preSolution
		Debug|Any CPU = Debug|Any CPU
		Release|Any CPU = Release|Any CPU
	EndGlobalSection
	GlobalSection(ProjectConfigurationPlatforms) = postSolution
		{B84CD9B3-281C-451E-BB27-D3DBE64D8402}.Debug|Any CPU.ActiveCfg = Debug|Any CPU
		{B84CD9B3-281C-451E-BB27-D3DBE64D8402}.Debug|Any CPU.Build.0 = Debug|Any CPU
		{B84CD9B3-281C-451E-BB27-D3DBE64D8402}.Release|Any CPU.ActiveCfg = Release|Any CPU
		{B84CD9B3-281C-451E-BB27-D3DBE64D8402}.Release|Any CPU.Build.0 = Release|Any CPU
		{BDFF6AA0-A4F3-4D72-A5FA-8D28F9A66FD4}.Debug|Any CPU.ActiveCfg = Debug|Any CPU
		{BDFF6AA0-A4F3-4D72-A5FA-8D28F9A66FD4}.Debug|Any CPU.Build.0 = Debug|Any CPU
		{BDFF6AA0-A4F3-4D72-A5FA-8D28F9A66FD4}.Release|Any CPU.ActiveCfg = Release|Any CPU
		{BDFF6AA0-A4F3-4D72-A5FA-8D28F9A66FD4}.Release|Any CPU.Build.0 = Release|Any CPU
		{6F8BC066-40AE-445B-B3A3-22A4019A555E}.Debug|Any CPU.ActiveCfg = Debug|Any CPU
		{6F8BC066-40AE-445B-B3A3-22A4019A555E}.Debug|Any CPU.Build.0 = Debug|Any CPU
		{6F8BC066-40AE-445B-B3A3-22A4019A555E}.Release|Any CPU.ActiveCfg = Release|Any CPU
		{6F8BC066-40AE-445B-B3A3-22A4019A555E}.Release|Any CPU.Build.0 = Release|Any CPU
		{0D3EA400-E10D-4383-A4E8-57F66B03A1C1}.Debug|Any CPU.ActiveCfg = Debug|Any CPU
		{0D3EA400-E10D-4383-A4E8-57F66B03A1C1}.Debug|Any CPU.Build.0 = Debug|Any CPU
		{0D3EA400-E10D-4383-A4E8-57F66B03A1C1}.Release|Any CPU.ActiveCfg = Release|Any CPU
		{0D3EA400-E10D-4383-A4E8-57F66B03A1C1}.Release|Any CPU.Build.0 = Release|Any CPU
	EndGlobalSection
	GlobalSection(SolutionProperties) = preSolution
		HideSolutionNode = FALSE
	EndGlobalSection
EndGlobal
